
Microsoft Visual Studio Solution File, Format Version 12.00
# Visual Studio Version 16
VisualStudioVersion = 16.0.30804.86
MinimumVisualStudioVersion = 15.0.26124.0
Project("{2150E333-8FDC-42A3-9474-1A3956D46DE8}") = "src", "src", "{8DEC9CCC-E8BB-4482-B54D-6E480C19D4A6}"
EndProject
Project("{2150E333-8FDC-42A3-9474-1A3956D46DE8}") = "Core", "Core", "{A3164982-49B9-42B2-998E-D5AADF463077}"
EndProject
Project("{2150E333-8FDC-42A3-9474-1A3956D46DE8}") = "Services", "Services", "{7618C1FC-2AFA-468A-92C5-74DC94CCCA8E}"
EndProject
Project("{2150E333-8FDC-42A3-9474-1A3956D46DE8}") = "Asset", "Asset", "{D811BE4C-599D-475A-9870-8C0BCA0ABECE}"
EndProject
Project("{2150E333-8FDC-42A3-9474-1A3956D46DE8}") = "Customer", "Customer", "{0799563F-7C86-4EC3-B912-73E06AA4FAA6}"
EndProject
Project("{9A19103F-16F7-4668-BE54-9A1E7A4F7556}") = "Asset.API", "src\Services\Asset\Asset.API\Asset.API.csproj", "{3512B454-A6CC-467B-AAE6-F00279F13733}"
EndProject
Project("{9A19103F-16F7-4668-BE54-9A1E7A4F7556}") = "AssetServices", "src\Services\Asset\AssetServices\AssetServices.csproj", "{3DAE008B-3806-4D92-B9F3-D9ABEBBC1CB8}"
EndProject
Project("{9A19103F-16F7-4668-BE54-9A1E7A4F7556}") = "Customer.API", "src\Services\Customer\Customer.API\Customer.API.csproj", "{1856D239-8BBE-4A0D-80A4-9D9829BACFFE}"
EndProject
Project("{9A19103F-16F7-4668-BE54-9A1E7A4F7556}") = "CustomerServices", "src\Services\Customer\CustomerServices\CustomerServices.csproj", "{4D1F0CEA-DF89-481D-848B-6EBD23578528}"
EndProject
Project("{2150E333-8FDC-42A3-9474-1A3956D46DE8}") = "charts", "charts", "{8D5A9903-F29E-457C-A27C-199EF34B1933}"
EndProject
Project("{2150E333-8FDC-42A3-9474-1A3956D46DE8}") = "asset-api", "asset-api", "{02F63936-07AB-4111-B54F-8FEB54FA4322}"
	ProjectSection(SolutionItems) = preProject
		charts\asset-api\.helmignore = charts\asset-api\.helmignore
		charts\asset-api\Chart.yaml = charts\asset-api\Chart.yaml
		charts\asset-api\values.yaml = charts\asset-api\values.yaml
	EndProjectSection
EndProject
Project("{2150E333-8FDC-42A3-9474-1A3956D46DE8}") = "customer-api", "customer-api", "{45217BC1-D812-44F3-AF44-732C89E8496D}"
	ProjectSection(SolutionItems) = preProject
		charts\customer-api\.helmignore = charts\customer-api\.helmignore
		charts\customer-api\Chart.yaml = charts\customer-api\Chart.yaml
		charts\customer-api\values.yaml = charts\customer-api\values.yaml
	EndProjectSection
EndProject
Project("{2150E333-8FDC-42A3-9474-1A3956D46DE8}") = "templates", "templates", "{569E8B6B-0521-491B-959F-8840E457A0E6}"
	ProjectSection(SolutionItems) = preProject
		charts\asset-api\templates\_helpers.tpl = charts\asset-api\templates\_helpers.tpl
		charts\asset-api\templates\deployment.yaml = charts\asset-api\templates\deployment.yaml
		charts\asset-api\templates\ingress.yaml = charts\asset-api\templates\ingress.yaml
		charts\asset-api\templates\NOTES.txt = charts\asset-api\templates\NOTES.txt
		charts\asset-api\templates\secrets.yaml = charts\asset-api\templates\secrets.yaml
		charts\asset-api\templates\service.yaml = charts\asset-api\templates\service.yaml
	EndProjectSection
EndProject
Project("{9A19103F-16F7-4668-BE54-9A1E7A4F7556}") = "Common", "src\Core\Common.csproj", "{7ED75F5E-1C74-48A9-9CC2-B1323181456A}"
EndProject
Project("{2150E333-8FDC-42A3-9474-1A3956D46DE8}") = "templates", "templates", "{808AC5B1-E29E-471C-8433-C8D0E856CA70}"
	ProjectSection(SolutionItems) = preProject
		charts\customer-api\templates\_helpers.tpl = charts\customer-api\templates\_helpers.tpl
		charts\customer-api\templates\deployment.yaml = charts\customer-api\templates\deployment.yaml
		charts\customer-api\templates\ingress.yaml = charts\customer-api\templates\ingress.yaml
		charts\customer-api\templates\NOTES.txt = charts\customer-api\templates\NOTES.txt
		charts\customer-api\templates\secrets.yaml = charts\customer-api\templates\secrets.yaml
		charts\customer-api\templates\service.yaml = charts\customer-api\templates\service.yaml
	EndProjectSection
EndProject
Project("{2150E333-8FDC-42A3-9474-1A3956D46DE8}") = "Tests", "Tests", "{20512BEA-2958-4218-BAB3-95FCE7363A93}"
EndProject
Project("{9A19103F-16F7-4668-BE54-9A1E7A4F7556}") = "AssetServices.UnitTests", "src\Services\Asset\Tests\AssetServices.UnitTests\AssetServices.UnitTests.csproj", "{C1D1A4EA-EE80-41CD-B924-0E7359975292}"
EndProject
Project("{2150E333-8FDC-42A3-9474-1A3956D46DE8}") = "Solution Items", "Solution Items", "{53A585AE-D327-48BE-98EE-128E4F32E5EC}"
	ProjectSection(SolutionItems) = preProject
		azure-pipelines-assets.yml = azure-pipelines-assets.yml
		azure-pipelines-customers.yml = azure-pipelines-customers.yml
		azure-pipelines-origoapigateway.yml = azure-pipelines-origoapigateway.yml
		tye.yaml = tye.yaml
	EndProjectSection
EndProject
Project("{2150E333-8FDC-42A3-9474-1A3956D46DE8}") = "Tests", "Tests", "{5F61689A-C83C-40C1-88C4-567CB50363F9}"
EndProject
Project("{9A19103F-16F7-4668-BE54-9A1E7A4F7556}") = "CustomerServices.UnitTests", "src\Services\Customer\Tests\CustomerServices.UnitTests\CustomerServices.UnitTests.csproj", "{C0901A9A-2332-495E-B063-0B9A154B4E16}"
EndProject
Project("{2150E333-8FDC-42A3-9474-1A3956D46DE8}") = "ApiGateways", "ApiGateways", "{0176317A-193F-43DE-919D-FC6A1E84BF2E}"
EndProject
Project("{2150E333-8FDC-42A3-9474-1A3956D46DE8}") = "OrigoApiGateWay", "OrigoApiGateWay", "{648A7EC2-BAFB-4365-8501-C69D63C59B7C}"
	ProjectSection(SolutionItems) = preProject
		src\ApiGateways\OrigoApiGateway\Dockerfile = src\ApiGateways\OrigoApiGateway\Dockerfile
	EndProjectSection
EndProject
Project("{9A19103F-16F7-4668-BE54-9A1E7A4F7556}") = "OrigoApiGateway", "src\ApiGateways\OrigoApiGateway\OrigoApiGateway\OrigoApiGateway.csproj", "{33565CA6-D258-417E-A467-07C2CB06C663}"
EndProject
Project("{2150E333-8FDC-42A3-9474-1A3956D46DE8}") = "Tests", "Tests", "{1D6FE7EF-D120-4993-BD84-39701AB88B5B}"
EndProject
Project("{9A19103F-16F7-4668-BE54-9A1E7A4F7556}") = "OrigoApiGateway.Tests", "src\ApiGateways\OrigoApiGateway\OrigoApiGateway.Tests\OrigoApiGateway.Tests.csproj", "{78DB531E-0B8E-4C52-A233-35488E436D4C}"
EndProject
Project("{2150E333-8FDC-42A3-9474-1A3956D46DE8}") = "origoapigateway", "origoapigateway", "{23F495F5-BB43-4A62-B3F5-096174995E42}"
	ProjectSection(SolutionItems) = preProject
		charts\origoapigateway\.helmignore = charts\origoapigateway\.helmignore
		charts\origoapigateway\Chart.yaml = charts\origoapigateway\Chart.yaml
		charts\origoapigateway\values.yaml = charts\origoapigateway\values.yaml
	EndProjectSection
EndProject
Project("{2150E333-8FDC-42A3-9474-1A3956D46DE8}") = "templates", "templates", "{DE0A244E-6997-43B7-B187-E97D4847AAC1}"
	ProjectSection(SolutionItems) = preProject
		charts\origoapigateway\templates\_helpers.tpl = charts\origoapigateway\templates\_helpers.tpl
		charts\origoapigateway\templates\deployment.yaml = charts\origoapigateway\templates\deployment.yaml
		charts\origoapigateway\templates\ingress.yaml = charts\origoapigateway\templates\ingress.yaml
		charts\origoapigateway\templates\NOTES.txt = charts\origoapigateway\templates\NOTES.txt
		charts\origoapigateway\templates\secrets.yaml = charts\origoapigateway\templates\secrets.yaml
		charts\origoapigateway\templates\service.yaml = charts\origoapigateway\templates\service.yaml
	EndProjectSection
EndProject
Global
	GlobalSection(SolutionConfigurationPlatforms) = preSolution
		Debug|Any CPU = Debug|Any CPU
		Release|Any CPU = Release|Any CPU
	EndGlobalSection
	GlobalSection(ProjectConfigurationPlatforms) = postSolution
		{3512B454-A6CC-467B-AAE6-F00279F13733}.Debug|Any CPU.ActiveCfg = Debug|Any CPU
		{3512B454-A6CC-467B-AAE6-F00279F13733}.Debug|Any CPU.Build.0 = Debug|Any CPU
		{3512B454-A6CC-467B-AAE6-F00279F13733}.Release|Any CPU.ActiveCfg = Release|Any CPU
		{3512B454-A6CC-467B-AAE6-F00279F13733}.Release|Any CPU.Build.0 = Release|Any CPU
		{3DAE008B-3806-4D92-B9F3-D9ABEBBC1CB8}.Debug|Any CPU.ActiveCfg = Debug|Any CPU
		{3DAE008B-3806-4D92-B9F3-D9ABEBBC1CB8}.Debug|Any CPU.Build.0 = Debug|Any CPU
		{3DAE008B-3806-4D92-B9F3-D9ABEBBC1CB8}.Release|Any CPU.ActiveCfg = Release|Any CPU
		{3DAE008B-3806-4D92-B9F3-D9ABEBBC1CB8}.Release|Any CPU.Build.0 = Release|Any CPU
		{1856D239-8BBE-4A0D-80A4-9D9829BACFFE}.Debug|Any CPU.ActiveCfg = Debug|Any CPU
		{1856D239-8BBE-4A0D-80A4-9D9829BACFFE}.Debug|Any CPU.Build.0 = Debug|Any CPU
		{1856D239-8BBE-4A0D-80A4-9D9829BACFFE}.Release|Any CPU.ActiveCfg = Release|Any CPU
		{1856D239-8BBE-4A0D-80A4-9D9829BACFFE}.Release|Any CPU.Build.0 = Release|Any CPU
		{4D1F0CEA-DF89-481D-848B-6EBD23578528}.Debug|Any CPU.ActiveCfg = Debug|Any CPU
		{4D1F0CEA-DF89-481D-848B-6EBD23578528}.Debug|Any CPU.Build.0 = Debug|Any CPU
		{4D1F0CEA-DF89-481D-848B-6EBD23578528}.Release|Any CPU.ActiveCfg = Release|Any CPU
		{4D1F0CEA-DF89-481D-848B-6EBD23578528}.Release|Any CPU.Build.0 = Release|Any CPU
		{7ED75F5E-1C74-48A9-9CC2-B1323181456A}.Debug|Any CPU.ActiveCfg = Debug|Any CPU
		{7ED75F5E-1C74-48A9-9CC2-B1323181456A}.Debug|Any CPU.Build.0 = Debug|Any CPU
		{7ED75F5E-1C74-48A9-9CC2-B1323181456A}.Release|Any CPU.ActiveCfg = Release|Any CPU
		{7ED75F5E-1C74-48A9-9CC2-B1323181456A}.Release|Any CPU.Build.0 = Release|Any CPU
		{C1D1A4EA-EE80-41CD-B924-0E7359975292}.Debug|Any CPU.ActiveCfg = Debug|Any CPU
		{C1D1A4EA-EE80-41CD-B924-0E7359975292}.Debug|Any CPU.Build.0 = Debug|Any CPU
		{C1D1A4EA-EE80-41CD-B924-0E7359975292}.Release|Any CPU.ActiveCfg = Release|Any CPU
		{C1D1A4EA-EE80-41CD-B924-0E7359975292}.Release|Any CPU.Build.0 = Release|Any CPU
		{C0901A9A-2332-495E-B063-0B9A154B4E16}.Debug|Any CPU.ActiveCfg = Debug|Any CPU
		{C0901A9A-2332-495E-B063-0B9A154B4E16}.Debug|Any CPU.Build.0 = Debug|Any CPU
		{C0901A9A-2332-495E-B063-0B9A154B4E16}.Release|Any CPU.ActiveCfg = Release|Any CPU
		{C0901A9A-2332-495E-B063-0B9A154B4E16}.Release|Any CPU.Build.0 = Release|Any CPU
		{33565CA6-D258-417E-A467-07C2CB06C663}.Debug|Any CPU.ActiveCfg = Debug|Any CPU
		{33565CA6-D258-417E-A467-07C2CB06C663}.Debug|Any CPU.Build.0 = Debug|Any CPU
		{33565CA6-D258-417E-A467-07C2CB06C663}.Release|Any CPU.ActiveCfg = Release|Any CPU
		{33565CA6-D258-417E-A467-07C2CB06C663}.Release|Any CPU.Build.0 = Release|Any CPU
		{78DB531E-0B8E-4C52-A233-35488E436D4C}.Debug|Any CPU.ActiveCfg = Debug|Any CPU
		{78DB531E-0B8E-4C52-A233-35488E436D4C}.Debug|Any CPU.Build.0 = Debug|Any CPU
		{78DB531E-0B8E-4C52-A233-35488E436D4C}.Release|Any CPU.ActiveCfg = Release|Any CPU
		{78DB531E-0B8E-4C52-A233-35488E436D4C}.Release|Any CPU.Build.0 = Release|Any CPU
	EndGlobalSection
	GlobalSection(SolutionProperties) = preSolution
		HideSolutionNode = FALSE
	EndGlobalSection
	GlobalSection(NestedProjects) = preSolution
		{A3164982-49B9-42B2-998E-D5AADF463077} = {8DEC9CCC-E8BB-4482-B54D-6E480C19D4A6}
		{7618C1FC-2AFA-468A-92C5-74DC94CCCA8E} = {8DEC9CCC-E8BB-4482-B54D-6E480C19D4A6}
		{D811BE4C-599D-475A-9870-8C0BCA0ABECE} = {7618C1FC-2AFA-468A-92C5-74DC94CCCA8E}
		{0799563F-7C86-4EC3-B912-73E06AA4FAA6} = {7618C1FC-2AFA-468A-92C5-74DC94CCCA8E}
		{3512B454-A6CC-467B-AAE6-F00279F13733} = {D811BE4C-599D-475A-9870-8C0BCA0ABECE}
		{3DAE008B-3806-4D92-B9F3-D9ABEBBC1CB8} = {D811BE4C-599D-475A-9870-8C0BCA0ABECE}
		{1856D239-8BBE-4A0D-80A4-9D9829BACFFE} = {0799563F-7C86-4EC3-B912-73E06AA4FAA6}
		{4D1F0CEA-DF89-481D-848B-6EBD23578528} = {0799563F-7C86-4EC3-B912-73E06AA4FAA6}
		{02F63936-07AB-4111-B54F-8FEB54FA4322} = {8D5A9903-F29E-457C-A27C-199EF34B1933}
		{45217BC1-D812-44F3-AF44-732C89E8496D} = {8D5A9903-F29E-457C-A27C-199EF34B1933}
		{569E8B6B-0521-491B-959F-8840E457A0E6} = {02F63936-07AB-4111-B54F-8FEB54FA4322}
		{7ED75F5E-1C74-48A9-9CC2-B1323181456A} = {A3164982-49B9-42B2-998E-D5AADF463077}
		{808AC5B1-E29E-471C-8433-C8D0E856CA70} = {45217BC1-D812-44F3-AF44-732C89E8496D}
		{20512BEA-2958-4218-BAB3-95FCE7363A93} = {D811BE4C-599D-475A-9870-8C0BCA0ABECE}
		{C1D1A4EA-EE80-41CD-B924-0E7359975292} = {20512BEA-2958-4218-BAB3-95FCE7363A93}
		{5F61689A-C83C-40C1-88C4-567CB50363F9} = {0799563F-7C86-4EC3-B912-73E06AA4FAA6}
		{C0901A9A-2332-495E-B063-0B9A154B4E16} = {5F61689A-C83C-40C1-88C4-567CB50363F9}
		{0176317A-193F-43DE-919D-FC6A1E84BF2E} = {8DEC9CCC-E8BB-4482-B54D-6E480C19D4A6}
		{648A7EC2-BAFB-4365-8501-C69D63C59B7C} = {0176317A-193F-43DE-919D-FC6A1E84BF2E}
		{33565CA6-D258-417E-A467-07C2CB06C663} = {648A7EC2-BAFB-4365-8501-C69D63C59B7C}
		{1D6FE7EF-D120-4993-BD84-39701AB88B5B} = {648A7EC2-BAFB-4365-8501-C69D63C59B7C}
		{78DB531E-0B8E-4C52-A233-35488E436D4C} = {1D6FE7EF-D120-4993-BD84-39701AB88B5B}
		{23F495F5-BB43-4A62-B3F5-096174995E42} = {8D5A9903-F29E-457C-A27C-199EF34B1933}
		{DE0A244E-6997-43B7-B187-E97D4847AAC1} = {23F495F5-BB43-4A62-B3F5-096174995E42}
	EndGlobalSection
	GlobalSection(ExtensibilityGlobals) = postSolution
		SolutionGuid = {DAEDEBBF-933A-4FFE-B734-B9E748AF86E1}
	EndGlobalSection
EndGlobal
