
Microsoft Visual Studio Solution File, Format Version 12.00
# Visual Studio Version 16
VisualStudioVersion = 16.0.30804.86
MinimumVisualStudioVersion = 15.0.26124.0
Project("{2150E333-8FDC-42A3-9474-1A3956D46DE8}") = "src", "src", "{8DEC9CCC-E8BB-4482-B54D-6E480C19D4A6}"
EndProject
Project("{2150E333-8FDC-42A3-9474-1A3956D46DE8}") = "Core", "Core", "{A3164982-49B9-42B2-998E-D5AADF463077}"
EndProject
Project("{2150E333-8FDC-42A3-9474-1A3956D46DE8}") = "Services", "Services", "{7618C1FC-2AFA-468A-92C5-74DC94CCCA8E}"
EndProject
Project("{2150E333-8FDC-42A3-9474-1A3956D46DE8}") = "Asset", "Asset", "{D811BE4C-599D-475A-9870-8C0BCA0ABECE}"
EndProject
Project("{2150E333-8FDC-42A3-9474-1A3956D46DE8}") = "Customer", "Customer", "{0799563F-7C86-4EC3-B912-73E06AA4FAA6}"
EndProject
Project("{9A19103F-16F7-4668-BE54-9A1E7A4F7556}") = "Asset.API", "src\Services\Asset\Asset.API\Asset.API.csproj", "{3512B454-A6CC-467B-AAE6-F00279F13733}"
EndProject
Project("{9A19103F-16F7-4668-BE54-9A1E7A4F7556}") = "AssetServices", "src\Services\Asset\AssetServices\AssetServices.csproj", "{3DAE008B-3806-4D92-B9F3-D9ABEBBC1CB8}"
EndProject
Project("{9A19103F-16F7-4668-BE54-9A1E7A4F7556}") = "Customer.API", "src\Services\Customer\Customer.API\Customer.API.csproj", "{1856D239-8BBE-4A0D-80A4-9D9829BACFFE}"
EndProject
Project("{9A19103F-16F7-4668-BE54-9A1E7A4F7556}") = "CustomerServices", "src\Services\Customer\CustomerServices\CustomerServices.csproj", "{4D1F0CEA-DF89-481D-848B-6EBD23578528}"
EndProject
Project("{2150E333-8FDC-42A3-9474-1A3956D46DE8}") = "charts", "charts", "{8D5A9903-F29E-457C-A27C-199EF34B1933}"
EndProject
Project("{2150E333-8FDC-42A3-9474-1A3956D46DE8}") = "asset-api", "asset-api", "{02F63936-07AB-4111-B54F-8FEB54FA4322}"
	ProjectSection(SolutionItems) = preProject
		charts\asset-api\.helmignore = charts\asset-api\.helmignore
		charts\asset-api\Chart.yaml = charts\asset-api\Chart.yaml
		charts\asset-api\values.yaml = charts\asset-api\values.yaml
	EndProjectSection
EndProject
Project("{2150E333-8FDC-42A3-9474-1A3956D46DE8}") = "customer-api", "customer-api", "{45217BC1-D812-44F3-AF44-732C89E8496D}"
	ProjectSection(SolutionItems) = preProject
		charts\customer-api\.helmignore = charts\customer-api\.helmignore
		charts\customer-api\Chart.yaml = charts\customer-api\Chart.yaml
		charts\customer-api\values.yaml = charts\customer-api\values.yaml
	EndProjectSection
EndProject
Project("{2150E333-8FDC-42A3-9474-1A3956D46DE8}") = "templates", "templates", "{569E8B6B-0521-491B-959F-8840E457A0E6}"
	ProjectSection(SolutionItems) = preProject
		charts\asset-api\templates\_helpers.tpl = charts\asset-api\templates\_helpers.tpl
		charts\asset-api\templates\deployment.yaml = charts\asset-api\templates\deployment.yaml
		charts\asset-api\templates\ingress.yaml = charts\asset-api\templates\ingress.yaml
		charts\asset-api\templates\NOTES.txt = charts\asset-api\templates\NOTES.txt
		charts\asset-api\templates\secrets.yaml = charts\asset-api\templates\secrets.yaml
		charts\asset-api\templates\service.yaml = charts\asset-api\templates\service.yaml
	EndProjectSection
EndProject
Project("{9A19103F-16F7-4668-BE54-9A1E7A4F7556}") = "Common", "src\Core\Common.csproj", "{7ED75F5E-1C74-48A9-9CC2-B1323181456A}"
EndProject
Project("{2150E333-8FDC-42A3-9474-1A3956D46DE8}") = "templates", "templates", "{808AC5B1-E29E-471C-8433-C8D0E856CA70}"
	ProjectSection(SolutionItems) = preProject
		charts\customer-api\templates\_helpers.tpl = charts\customer-api\templates\_helpers.tpl
		charts\customer-api\templates\deployment.yaml = charts\customer-api\templates\deployment.yaml
		charts\customer-api\templates\ingress.yaml = charts\customer-api\templates\ingress.yaml
		charts\customer-api\templates\NOTES.txt = charts\customer-api\templates\NOTES.txt
		charts\customer-api\templates\secrets.yaml = charts\customer-api\templates\secrets.yaml
		charts\customer-api\templates\service.yaml = charts\customer-api\templates\service.yaml
	EndProjectSection
EndProject
Project("{2150E333-8FDC-42A3-9474-1A3956D46DE8}") = "Tests", "Tests", "{20512BEA-2958-4218-BAB3-95FCE7363A93}"
EndProject
Project("{9A19103F-16F7-4668-BE54-9A1E7A4F7556}") = "AssetServicesTests", "src\Services\Asset\Tests\AssetServices.UnitTests\AssetServicesTests.csproj", "{C1D1A4EA-EE80-41CD-B924-0E7359975292}"
EndProject
Global
	GlobalSection(SolutionConfigurationPlatforms) = preSolution
		Debug|Any CPU = Debug|Any CPU
		Release|Any CPU = Release|Any CPU
	EndGlobalSection
	GlobalSection(ProjectConfigurationPlatforms) = postSolution
		{3512B454-A6CC-467B-AAE6-F00279F13733}.Debug|Any CPU.ActiveCfg = Debug|Any CPU
		{3512B454-A6CC-467B-AAE6-F00279F13733}.Debug|Any CPU.Build.0 = Debug|Any CPU
		{3512B454-A6CC-467B-AAE6-F00279F13733}.Release|Any CPU.ActiveCfg = Release|Any CPU
		{3512B454-A6CC-467B-AAE6-F00279F13733}.Release|Any CPU.Build.0 = Release|Any CPU
		{3DAE008B-3806-4D92-B9F3-D9ABEBBC1CB8}.Debug|Any CPU.ActiveCfg = Debug|Any CPU
		{3DAE008B-3806-4D92-B9F3-D9ABEBBC1CB8}.Debug|Any CPU.Build.0 = Debug|Any CPU
		{3DAE008B-3806-4D92-B9F3-D9ABEBBC1CB8}.Release|Any CPU.ActiveCfg = Release|Any CPU
		{3DAE008B-3806-4D92-B9F3-D9ABEBBC1CB8}.Release|Any CPU.Build.0 = Release|Any CPU
		{1856D239-8BBE-4A0D-80A4-9D9829BACFFE}.Debug|Any CPU.ActiveCfg = Debug|Any CPU
		{1856D239-8BBE-4A0D-80A4-9D9829BACFFE}.Debug|Any CPU.Build.0 = Debug|Any CPU
		{1856D239-8BBE-4A0D-80A4-9D9829BACFFE}.Release|Any CPU.ActiveCfg = Release|Any CPU
		{1856D239-8BBE-4A0D-80A4-9D9829BACFFE}.Release|Any CPU.Build.0 = Release|Any CPU
		{4D1F0CEA-DF89-481D-848B-6EBD23578528}.Debug|Any CPU.ActiveCfg = Debug|Any CPU
		{4D1F0CEA-DF89-481D-848B-6EBD23578528}.Debug|Any CPU.Build.0 = Debug|Any CPU
		{4D1F0CEA-DF89-481D-848B-6EBD23578528}.Release|Any CPU.ActiveCfg = Release|Any CPU
		{4D1F0CEA-DF89-481D-848B-6EBD23578528}.Release|Any CPU.Build.0 = Release|Any CPU
		{7ED75F5E-1C74-48A9-9CC2-B1323181456A}.Debug|Any CPU.ActiveCfg = Debug|Any CPU
		{7ED75F5E-1C74-48A9-9CC2-B1323181456A}.Debug|Any CPU.Build.0 = Debug|Any CPU
		{7ED75F5E-1C74-48A9-9CC2-B1323181456A}.Release|Any CPU.ActiveCfg = Release|Any CPU
		{7ED75F5E-1C74-48A9-9CC2-B1323181456A}.Release|Any CPU.Build.0 = Release|Any CPU
		{C1D1A4EA-EE80-41CD-B924-0E7359975292}.Debug|Any CPU.ActiveCfg = Debug|Any CPU
		{C1D1A4EA-EE80-41CD-B924-0E7359975292}.Debug|Any CPU.Build.0 = Debug|Any CPU
		{C1D1A4EA-EE80-41CD-B924-0E7359975292}.Release|Any CPU.ActiveCfg = Release|Any CPU
		{C1D1A4EA-EE80-41CD-B924-0E7359975292}.Release|Any CPU.Build.0 = Release|Any CPU
	EndGlobalSection
	GlobalSection(SolutionProperties) = preSolution
		HideSolutionNode = FALSE
	EndGlobalSection
	GlobalSection(NestedProjects) = preSolution
		{A3164982-49B9-42B2-998E-D5AADF463077} = {8DEC9CCC-E8BB-4482-B54D-6E480C19D4A6}
		{7618C1FC-2AFA-468A-92C5-74DC94CCCA8E} = {8DEC9CCC-E8BB-4482-B54D-6E480C19D4A6}
		{D811BE4C-599D-475A-9870-8C0BCA0ABECE} = {7618C1FC-2AFA-468A-92C5-74DC94CCCA8E}
		{0799563F-7C86-4EC3-B912-73E06AA4FAA6} = {7618C1FC-2AFA-468A-92C5-74DC94CCCA8E}
		{3512B454-A6CC-467B-AAE6-F00279F13733} = {D811BE4C-599D-475A-9870-8C0BCA0ABECE}
		{3DAE008B-3806-4D92-B9F3-D9ABEBBC1CB8} = {D811BE4C-599D-475A-9870-8C0BCA0ABECE}
		{1856D239-8BBE-4A0D-80A4-9D9829BACFFE} = {0799563F-7C86-4EC3-B912-73E06AA4FAA6}
		{4D1F0CEA-DF89-481D-848B-6EBD23578528} = {0799563F-7C86-4EC3-B912-73E06AA4FAA6}
		{02F63936-07AB-4111-B54F-8FEB54FA4322} = {8D5A9903-F29E-457C-A27C-199EF34B1933}
		{45217BC1-D812-44F3-AF44-732C89E8496D} = {8D5A9903-F29E-457C-A27C-199EF34B1933}
		{569E8B6B-0521-491B-959F-8840E457A0E6} = {02F63936-07AB-4111-B54F-8FEB54FA4322}
		{7ED75F5E-1C74-48A9-9CC2-B1323181456A} = {A3164982-49B9-42B2-998E-D5AADF463077}
		{808AC5B1-E29E-471C-8433-C8D0E856CA70} = {45217BC1-D812-44F3-AF44-732C89E8496D}
		{20512BEA-2958-4218-BAB3-95FCE7363A93} = {D811BE4C-599D-475A-9870-8C0BCA0ABECE}
		{C1D1A4EA-EE80-41CD-B924-0E7359975292} = {20512BEA-2958-4218-BAB3-95FCE7363A93}
	EndGlobalSection
	GlobalSection(ExtensibilityGlobals) = postSolution
		SolutionGuid = {DAEDEBBF-933A-4FFE-B734-B9E748AF86E1}
	EndGlobalSection
EndGlobal
